<?xml version="1.0" encoding="utf-8"?>
<Project ToolsVersion="18.0" xmlns="http://schemas.microsoft.com/developer/msbuild/2003">
  <ItemGroup>
    <CustomBuild Include="D:\voxcpm-cpp\build_cuda\CMakeFiles\7b0f427fdfadc042145f500eabddea43\PACKAGE_force.rule">
      <Filter>CMake Rules</Filter>
    </CustomBuild>
  </ItemGroup>
  <ItemGroup>
    <Filter Include="CMake Rules">
      <UniqueIdentifier>{47176D8A-3279-3A18-96EA-101ADE1071C0}</UniqueIdentifier>
    </Filter>
  </ItemGroup>
</Project>
