<?xml version="1.0" encoding="utf-8"?>
<Project ToolsVersion="18.0" xmlns="http://schemas.microsoft.com/developer/msbuild/2003">
  <ItemGroup>
    <ClCompile Include="D:\voxcpm-cpp\src\voxcpm.c">
      <Filter>Source Files</Filter>
    </ClCompile>
    <ClCompile Include="D:\voxcpm-cpp\src\model_loader.c">
      <Filter>Source Files</Filter>
    </ClCompile>
    <ClCompile Include="D:\voxcpm-cpp\src\tokenizer.c">
      <Filter>Source Files</Filter>
    </ClCompile>
    <ClCompile Include="D:\voxcpm-cpp\src\sequence.c">
      <Filter>Source Files</Filter>
    </ClCompile>
    <ClCompile Include="D:\voxcpm-cpp\src\wav.c">
      <Filter>Source Files</Filter>
    </ClCompile>
    <ClCompile Include="D:\voxcpm-cpp\src\ggml_backend.c">
      <Filter>Source Files</Filter>
    </ClCompile>
    <ClCompile Include="D:\voxcpm-cpp\src\minicpm4.c">
      <Filter>Source Files</Filter>
    </ClCompile>
    <ClCompile Include="D:\voxcpm-cpp\src\ralm.c">
      <Filter>Source Files</Filter>
    </ClCompile>
    <ClCompile Include="D:\voxcpm-cpp\src\fsq.c">
      <Filter>Source Files</Filter>
    </ClCompile>
    <ClCompile Include="D:\voxcpm-cpp\src\locenc.c">
      <Filter>Source Files</Filter>
    </ClCompile>
    <ClCompile Include="D:\voxcpm-cpp\src\locdit.c">
      <Filter>Source Files</Filter>
    </ClCompile>
    <ClCompile Include="D:\voxcpm-cpp\src\cfm_solver.c">
      <Filter>Source Files</Filter>
    </ClCompile>
    <ClCompile Include="D:\voxcpm-cpp\src\audio_vae.c">
      <Filter>Source Files</Filter>
    </ClCompile>
    <ClCompile Include="D:\voxcpm-cpp\src\audio_vae_v2.c">
      <Filter>Source Files</Filter>
    </ClCompile>
    <ClCompile Include="D:\voxcpm-cpp\src\audio_vae_v2_encoder.c">
      <Filter>Source Files</Filter>
    </ClCompile>
    <ClCompile Include="D:\voxcpm-cpp\src\audio_vae_v2_decoder.c">
      <Filter>Source Files</Filter>
    </ClCompile>
    <ClCompile Include="D:\voxcpm-cpp\src\gen_init.c">
      <Filter>Source Files</Filter>
    </ClCompile>
    <ClCompile Include="D:\voxcpm-cpp\src\gen_prompt.c">
      <Filter>Source Files</Filter>
    </ClCompile>
    <ClCompile Include="D:\voxcpm-cpp\src\gen_step.c">
      <Filter>Source Files</Filter>
    </ClCompile>
    <ClCompile Include="D:\voxcpm-cpp\src\gen_stop.c">
      <Filter>Source Files</Filter>
    </ClCompile>
    <ClCompile Include="D:\voxcpm-cpp\src\gen_run.c">
      <Filter>Source Files</Filter>
    </ClCompile>
    <ClCompile Include="D:\voxcpm-cpp\src\log.c">
      <Filter>Source Files</Filter>
    </ClCompile>
  </ItemGroup>
  <ItemGroup>
    <CustomBuild Include="D:\voxcpm-cpp\CMakeLists.txt" />
  </ItemGroup>
  <ItemGroup>
    <Filter Include="Source Files">
      <UniqueIdentifier>{BEE478C6-CBB8-3CE8-A223-5F9579A4AD60}</UniqueIdentifier>
    </Filter>
  </ItemGroup>
</Project>
