<?xml version="1.0" encoding="utf-8"?>
<Project ToolsVersion="18.0" xmlns="http://schemas.microsoft.com/developer/msbuild/2003">
  <ItemGroup>
    <CustomBuild Include="D:\voxcpm-cpp\build-cpu\CMakeFiles\db5b5eb89c952ed1bbb61bfda6ed304c\PACKAGE_force.rule">
      <Filter>CMake Rules</Filter>
    </CustomBuild>
  </ItemGroup>
  <ItemGroup>
    <Filter Include="CMake Rules">
      <UniqueIdentifier>{DDA3F648-2C16-3851-9568-B9C900281184}</UniqueIdentifier>
    </Filter>
  </ItemGroup>
</Project>
